
Microsoft Visual Studio Solution File, Format Version 12.00
# Visual Studio Version 16
VisualStudioVersion = 16.0.30804.86
MinimumVisualStudioVersion = 10.0.40219.1
Project("{9A19103F-16F7-4668-BE54-9A1E7A4F7556}") = "DataAccess", "DataAccess\DataAccess.csproj", "{F452874A-3210-4D53-A7FE-5E60EAE0DF87}"
EndProject
Project("{9A19103F-16F7-4668-BE54-9A1E7A4F7556}") = "Business", "Business\Business.csproj", "{D85204E9-17EF-4A23-AF58-5B65CDBA9393}"
EndProject
Project("{9A19103F-16F7-4668-BE54-9A1E7A4F7556}") = "Entities", "Entities\Entities.csproj", "{FBB6C551-7892-42FD-8A58-27DFEC88755C}"
EndProject
Project("{9A19103F-16F7-4668-BE54-9A1E7A4F7556}") = "ConsoleUI", "ConsoleUI\ConsoleUI.csproj", "{02FE6E51-2D14-43B6-B427-ACCD36089CA6}"
EndProject
Project("{FAE04EC0-301F-11D3-BF4B-00C04F79EFBC}") = "Core", "Core\Core.csproj", "{58CA7A2B-B96B-4063-A237-536DFBDBFDB8}"
EndProject
Global
	GlobalSection(SolutionConfigurationPlatforms) = preSolution
		Debug|Any CPU = Debug|Any CPU
		Release|Any CPU = Release|Any CPU
	EndGlobalSection
	GlobalSection(ProjectConfigurationPlatforms) = postSolution
		{F452874A-3210-4D53-A7FE-5E60EAE0DF87}.Debug|Any CPU.ActiveCfg = Debug|Any CPU
		{F452874A-3210-4D53-A7FE-5E60EAE0DF87}.Debug|Any CPU.Build.0 = Debug|Any CPU
		{F452874A-3210-4D53-A7FE-5E60EAE0DF87}.Release|Any CPU.ActiveCfg = Release|Any CPU
		{F452874A-3210-4D53-A7FE-5E60EAE0DF87}.Release|Any CPU.Build.0 = Release|Any CPU
		{D85204E9-17EF-4A23-AF58-5B65CDBA9393}.Debug|Any CPU.ActiveCfg = Debug|Any CPU
		{D85204E9-17EF-4A23-AF58-5B65CDBA9393}.Debug|Any CPU.Build.0 = Debug|Any CPU
		{D85204E9-17EF-4A23-AF58-5B65CDBA9393}.Release|Any CPU.ActiveCfg = Release|Any CPU
		{D85204E9-17EF-4A23-AF58-5B65CDBA9393}.Release|Any CPU.Build.0 = Release|Any CPU
		{FBB6C551-7892-42FD-8A58-27DFEC88755C}.Debug|Any CPU.ActiveCfg = Debug|Any CPU
		{FBB6C551-7892-42FD-8A58-27DFEC88755C}.Debug|Any CPU.Build.0 = Debug|Any CPU
		{FBB6C551-7892-42FD-8A58-27DFEC88755C}.Release|Any CPU.ActiveCfg = Release|Any CPU
		{FBB6C551-7892-42FD-8A58-27DFEC88755C}.Release|Any CPU.Build.0 = Release|Any CPU
		{02FE6E51-2D14-43B6-B427-ACCD36089CA6}.Debug|Any CPU.ActiveCfg = Debug|Any CPU
		{02FE6E51-2D14-43B6-B427-ACCD36089CA6}.Debug|Any CPU.Build.0 = Debug|Any CPU
		{02FE6E51-2D14-43B6-B427-ACCD36089CA6}.Release|Any CPU.ActiveCfg = Release|Any CPU
		{02FE6E51-2D14-43B6-B427-ACCD36089CA6}.Release|Any CPU.Build.0 = Release|Any CPU
		{58CA7A2B-B96B-4063-A237-536DFBDBFDB8}.Debug|Any CPU.ActiveCfg = Debug|Any CPU
		{58CA7A2B-B96B-4063-A237-536DFBDBFDB8}.Debug|Any CPU.Build.0 = Debug|Any CPU
		{58CA7A2B-B96B-4063-A237-536DFBDBFDB8}.Release|Any CPU.ActiveCfg = Release|Any CPU
		{58CA7A2B-B96B-4063-A237-536DFBDBFDB8}.Release|Any CPU.Build.0 = Release|Any CPU
	EndGlobalSection
	GlobalSection(SolutionProperties) = preSolution
		HideSolutionNode = FALSE
	EndGlobalSection
	GlobalSection(ExtensibilityGlobals) = postSolution
		SolutionGuid = {6AFAAA78-F623-4B83-8E2C-135B45791A6D}
	EndGlobalSection
EndGlobal
